
Microsoft Visual Studio Solution File, Format Version 12.00
# Visual Studio Version 16
VisualStudioVersion = 16.0.31729.503
MinimumVisualStudioVersion = 10.0.40219.1
Project("{FAE04EC0-301F-11D3-BF4B-00C04F79EFBC}") = "MyFacesMyHealth", "MyFacesMyHealth\MyFacesMyHealth.csproj", "{D36C9090-5AA3-433C-A8A1-3E21C4024CEC}"
EndProject
Global
	GlobalSection(SolutionConfigurationPlatforms) = preSolution
		Debug|Any CPU = Debug|Any CPU
		Release|Any CPU = Release|Any CPU
	EndGlobalSection
	GlobalSection(ProjectConfigurationPlatforms) = postSolution
		{D36C9090-5AA3-433C-A8A1-3E21C4024CEC}.Debug|Any CPU.ActiveCfg = Debug|Any CPU
		{D36C9090-5AA3-433C-A8A1-3E21C4024CEC}.Debug|Any CPU.Build.0 = Debug|Any CPU
		{D36C9090-5AA3-433C-A8A1-3E21C4024CEC}.Release|Any CPU.ActiveCfg = Release|Any CPU
		{D36C9090-5AA3-433C-A8A1-3E21C4024CEC}.Release|Any CPU.Build.0 = Release|Any CPU
	EndGlobalSection
	GlobalSection(SolutionProperties) = preSolution
		HideSolutionNode = FALSE
	EndGlobalSection
	GlobalSection(ExtensibilityGlobals) = postSolution
		SolutionGuid = {40C41CFB-D98A-429F-8EB6-456A0779D8E5}
	EndGlobalSection
EndGlobal
